
Microsoft Visual Studio Solution File, Format Version 12.00
# Visual Studio 15
VisualStudioVersion = 15.0.27703.2026
MinimumVisualStudioVersion = 10.0.40219.1
Project("{FAE04EC0-301F-11D3-BF4B-00C04F79EFBC}") = "StudyAppCenter.Android", "StudyAppCenter\StudyAppCenter.Android\StudyAppCenter.Android.csproj", "{6CF19D5A-3DD5-425F-933F-A52016C44B0E}"
EndProject
Project("{FAE04EC0-301F-11D3-BF4B-00C04F79EFBC}") = "StudyAppCenter.iOS", "StudyAppCenter\StudyAppCenter.iOS\StudyAppCenter.iOS.csproj", "{CFD79D44-9578-4F79-8BFC-60A598F4B133}"
EndProject
Project("{FAE04EC0-301F-11D3-BF4B-00C04F79EFBC}") = "StudyAppCenter.UWP", "StudyAppCenter\StudyAppCenter.UWP\StudyAppCenter.UWP.csproj", "{48D8A12F-AB9A-48CA-827D-202C39C8F917}"
EndProject
Project("{FAE04EC0-301F-11D3-BF4B-00C04F79EFBC}") = "StudyAppCenter", "StudyAppCenter\StudyAppCenter\StudyAppCenter.csproj", "{42509DC4-593D-4CFB-AB8D-DD6D685D6C7F}"
EndProject
Global
	GlobalSection(SolutionConfigurationPlatforms) = preSolution
		Ad-Hoc|Any CPU = Ad-Hoc|Any CPU
		Ad-Hoc|ARM = Ad-Hoc|ARM
		Ad-Hoc|iPhone = Ad-Hoc|iPhone
		Ad-Hoc|iPhoneSimulator = Ad-Hoc|iPhoneSimulator
		Ad-Hoc|x64 = Ad-Hoc|x64
		Ad-Hoc|x86 = Ad-Hoc|x86
		AppStore|Any CPU = AppStore|Any CPU
		AppStore|ARM = AppStore|ARM
		AppStore|iPhone = AppStore|iPhone
		AppStore|iPhoneSimulator = AppStore|iPhoneSimulator
		AppStore|x64 = AppStore|x64
		AppStore|x86 = AppStore|x86
		Debug|Any CPU = Debug|Any CPU
		Debug|ARM = Debug|ARM
		Debug|iPhone = Debug|iPhone
		Debug|iPhoneSimulator = Debug|iPhoneSimulator
		Debug|x64 = Debug|x64
		Debug|x86 = Debug|x86
		Release|Any CPU = Release|Any CPU
		Release|ARM = Release|ARM
		Release|iPhone = Release|iPhone
		Release|iPhoneSimulator = Release|iPhoneSimulator
		Release|x64 = Release|x64
		Release|x86 = Release|x86
	EndGlobalSection
	GlobalSection(ProjectConfigurationPlatforms) = postSolution
		{6CF19D5A-3DD5-425F-933F-A52016C44B0E}.Ad-Hoc|Any CPU.ActiveCfg = Release|Any CPU
		{6CF19D5A-3DD5-425F-933F-A52016C44B0E}.Ad-Hoc|Any CPU.Build.0 = Release|Any CPU
		{6CF19D5A-3DD5-425F-933F-A52016C44B0E}.Ad-Hoc|Any CPU.Deploy.0 = Release|Any CPU
		{6CF19D5A-3DD5-425F-933F-A52016C44B0E}.Ad-Hoc|ARM.ActiveCfg = Release|Any CPU
		{6CF19D5A-3DD5-425F-933F-A52016C44B0E}.Ad-Hoc|ARM.Build.0 = Release|Any CPU
		{6CF19D5A-3DD5-425F-933F-A52016C44B0E}.Ad-Hoc|ARM.Deploy.0 = Release|Any CPU
		{6CF19D5A-3DD5-425F-933F-A52016C44B0E}.Ad-Hoc|iPhone.ActiveCfg = Release|Any CPU
		{6CF19D5A-3DD5-425F-933F-A52016C44B0E}.Ad-Hoc|iPhone.Build.0 = Release|Any CPU
		{6CF19D5A-3DD5-425F-933F-A52016C44B0E}.Ad-Hoc|iPhone.Deploy.0 = Release|Any CPU
		{6CF19D5A-3DD5-425F-933F-A52016C44B0E}.Ad-Hoc|iPhoneSimulator.ActiveCfg = Release|Any CPU
		{6CF19D5A-3DD5-425F-933F-A52016C44B0E}.Ad-Hoc|iPhoneSimulator.Build.0 = Release|Any CPU
		{6CF19D5A-3DD5-425F-933F-A52016C44B0E}.Ad-Hoc|iPhoneSimulator.Deploy.0 = Release|Any CPU
		{6CF19D5A-3DD5-425F-933F-A52016C44B0E}.Ad-Hoc|x64.ActiveCfg = Release|Any CPU
		{6CF19D5A-3DD5-425F-933F-A52016C44B0E}.Ad-Hoc|x64.Build.0 = Release|Any CPU
		{6CF19D5A-3DD5-425F-933F-A52016C44B0E}.Ad-Hoc|x64.Deploy.0 = Release|Any CPU
		{6CF19D5A-3DD5-425F-933F-A52016C44B0E}.Ad-Hoc|x86.ActiveCfg = Release|Any CPU
		{6CF19D5A-3DD5-425F-933F-A52016C44B0E}.Ad-Hoc|x86.Build.0 = Release|Any CPU
		{6CF19D5A-3DD5-425F-933F-A52016C44B0E}.Ad-Hoc|x86.Deploy.0 = Release|Any CPU
		{6CF19D5A-3DD5-425F-933F-A52016C44B0E}.AppStore|Any CPU.ActiveCfg = Release|Any CPU
		{6CF19D5A-3DD5-425F-933F-A52016C44B0E}.AppStore|Any CPU.Build.0 = Release|Any CPU
		{6CF19D5A-3DD5-425F-933F-A52016C44B0E}.AppStore|Any CPU.Deploy.0 = Release|Any CPU
		{6CF19D5A-3DD5-425F-933F-A52016C44B0E}.AppStore|ARM.ActiveCfg = Release|Any CPU
		{6CF19D5A-3DD5-425F-933F-A52016C44B0E}.AppStore|ARM.Build.0 = Release|Any CPU
		{6CF19D5A-3DD5-425F-933F-A52016C44B0E}.AppStore|ARM.Deploy.0 = Release|Any CPU
		{6CF19D5A-3DD5-425F-933F-A52016C44B0E}.AppStore|iPhone.ActiveCfg = Release|Any CPU
		{6CF19D5A-3DD5-425F-933F-A52016C44B0E}.AppStore|iPhone.Build.0 = Release|Any CPU
		{6CF19D5A-3DD5-425F-933F-A52016C44B0E}.AppStore|iPhone.Deploy.0 = Release|Any CPU
		{6CF19D5A-3DD5-425F-933F-A52016C44B0E}.AppStore|iPhoneSimulator.ActiveCfg = Release|Any CPU
		{6CF19D5A-3DD5-425F-933F-A52016C44B0E}.AppStore|iPhoneSimulator.Build.0 = Release|Any CPU
		{6CF19D5A-3DD5-425F-933F-A52016C44B0E}.AppStore|iPhoneSimulator.Deploy.0 = Release|Any CPU
		{6CF19D5A-3DD5-425F-933F-A52016C44B0E}.AppStore|x64.ActiveCfg = Release|Any CPU
		{6CF19D5A-3DD5-425F-933F-A52016C44B0E}.AppStore|x64.Build.0 = Release|Any CPU
		{6CF19D5A-3DD5-425F-933F-A52016C44B0E}.AppStore|x64.Deploy.0 = Release|Any CPU
		{6CF19D5A-3DD5-425F-933F-A52016C44B0E}.AppStore|x86.ActiveCfg = Release|Any CPU
		{6CF19D5A-3DD5-425F-933F-A52016C44B0E}.AppStore|x86.Build.0 = Release|Any CPU
		{6CF19D5A-3DD5-425F-933F-A52016C44B0E}.AppStore|x86.Deploy.0 = Release|Any CPU
		{6CF19D5A-3DD5-425F-933F-A52016C44B0E}.Debug|Any CPU.ActiveCfg = Debug|Any CPU
		{6CF19D5A-3DD5-425F-933F-A52016C44B0E}.Debug|Any CPU.Build.0 = Debug|Any CPU
		{6CF19D5A-3DD5-425F-933F-A52016C44B0E}.Debug|Any CPU.Deploy.0 = Debug|Any CPU
		{6CF19D5A-3DD5-425F-933F-A52016C44B0E}.Debug|ARM.ActiveCfg = Debug|Any CPU
		{6CF19D5A-3DD5-425F-933F-A52016C44B0E}.Debug|ARM.Build.0 = Debug|Any CPU
		{6CF19D5A-3DD5-425F-933F-A52016C44B0E}.Debug|ARM.Deploy.0 = Debug|Any CPU
		{6CF19D5A-3DD5-425F-933F-A52016C44B0E}.Debug|iPhone.ActiveCfg = Debug|Any CPU
		{6CF19D5A-3DD5-425F-933F-A52016C44B0E}.Debug|iPhone.Build.0 = Debug|Any CPU
		{6CF19D5A-3DD5-425F-933F-A52016C44B0E}.Debug|iPhone.Deploy.0 = Debug|Any CPU
		{6CF19D5A-3DD5-425F-933F-A52016C44B0E}.Debug|iPhoneSimulator.ActiveCfg = Debug|Any CPU
		{6CF19D5A-3DD5-425F-933F-A52016C44B0E}.Debug|iPhoneSimulator.Build.0 = Debug|Any CPU
		{6CF19D5A-3DD5-425F-933F-A52016C44B0E}.Debug|iPhoneSimulator.Deploy.0 = Debug|Any CPU
		{6CF19D5A-3DD5-425F-933F-A52016C44B0E}.Debug|x64.ActiveCfg = Debug|Any CPU
		{6CF19D5A-3DD5-425F-933F-A52016C44B0E}.Debug|x64.Build.0 = Debug|Any CPU
		{6CF19D5A-3DD5-425F-933F-A52016C44B0E}.Debug|x64.Deploy.0 = Debug|Any CPU
		{6CF19D5A-3DD5-425F-933F-A52016C44B0E}.Debug|x86.ActiveCfg = Debug|Any CPU
		{6CF19D5A-3DD5-425F-933F-A52016C44B0E}.Debug|x86.Build.0 = Debug|Any CPU
		{6CF19D5A-3DD5-425F-933F-A52016C44B0E}.Debug|x86.Deploy.0 = Debug|Any CPU
		{6CF19D5A-3DD5-425F-933F-A52016C44B0E}.Release|Any CPU.ActiveCfg = Release|Any CPU
		{6CF19D5A-3DD5-425F-933F-A52016C44B0E}.Release|Any CPU.Build.0 = Release|Any CPU
		{6CF19D5A-3DD5-425F-933F-A52016C44B0E}.Release|Any CPU.Deploy.0 = Release|Any CPU
		{6CF19D5A-3DD5-425F-933F-A52016C44B0E}.Release|ARM.ActiveCfg = Release|Any CPU
		{6CF19D5A-3DD5-425F-933F-A52016C44B0E}.Release|ARM.Build.0 = Release|Any CPU
		{6CF19D5A-3DD5-425F-933F-A52016C44B0E}.Release|ARM.Deploy.0 = Release|Any CPU
		{6CF19D5A-3DD5-425F-933F-A52016C44B0E}.Release|iPhone.ActiveCfg = Release|Any CPU
		{6CF19D5A-3DD5-425F-933F-A52016C44B0E}.Release|iPhone.Build.0 = Release|Any CPU
		{6CF19D5A-3DD5-425F-933F-A52016C44B0E}.Release|iPhone.Deploy.0 = Release|Any CPU
		{6CF19D5A-3DD5-425F-933F-A52016C44B0E}.Release|iPhoneSimulator.ActiveCfg = Release|Any CPU
		{6CF19D5A-3DD5-425F-933F-A52016C44B0E}.Release|iPhoneSimulator.Build.0 = Release|Any CPU
		{6CF19D5A-3DD5-425F-933F-A52016C44B0E}.Release|iPhoneSimulator.Deploy.0 = Release|Any CPU
		{6CF19D5A-3DD5-425F-933F-A52016C44B0E}.Release|x64.ActiveCfg = Release|Any CPU
		{6CF19D5A-3DD5-425F-933F-A52016C44B0E}.Release|x64.Build.0 = Release|Any CPU
		{6CF19D5A-3DD5-425F-933F-A52016C44B0E}.Release|x64.Deploy.0 = Release|Any CPU
		{6CF19D5A-3DD5-425F-933F-A52016C44B0E}.Release|x86.ActiveCfg = Release|Any CPU
		{6CF19D5A-3DD5-425F-933F-A52016C44B0E}.Release|x86.Build.0 = Release|Any CPU
		{6CF19D5A-3DD5-425F-933F-A52016C44B0E}.Release|x86.Deploy.0 = Release|Any CPU
		{CFD79D44-9578-4F79-8BFC-60A598F4B133}.Ad-Hoc|Any CPU.ActiveCfg = Ad-Hoc|iPhone
		{CFD79D44-9578-4F79-8BFC-60A598F4B133}.Ad-Hoc|Any CPU.Build.0 = Ad-Hoc|iPhone
		{CFD79D44-9578-4F79-8BFC-60A598F4B133}.Ad-Hoc|Any CPU.Deploy.0 = Ad-Hoc|iPhone
		{CFD79D44-9578-4F79-8BFC-60A598F4B133}.Ad-Hoc|ARM.ActiveCfg = Ad-Hoc|iPhone
		{CFD79D44-9578-4F79-8BFC-60A598F4B133}.Ad-Hoc|ARM.Build.0 = Ad-Hoc|iPhone
		{CFD79D44-9578-4F79-8BFC-60A598F4B133}.Ad-Hoc|ARM.Deploy.0 = Ad-Hoc|iPhone
		{CFD79D44-9578-4F79-8BFC-60A598F4B133}.Ad-Hoc|iPhone.ActiveCfg = Ad-Hoc|iPhone
		{CFD79D44-9578-4F79-8BFC-60A598F4B133}.Ad-Hoc|iPhone.Build.0 = Ad-Hoc|iPhone
		{CFD79D44-9578-4F79-8BFC-60A598F4B133}.Ad-Hoc|iPhone.Deploy.0 = Ad-Hoc|iPhone
		{CFD79D44-9578-4F79-8BFC-60A598F4B133}.Ad-Hoc|iPhoneSimulator.ActiveCfg = Ad-Hoc|iPhoneSimulator
		{CFD79D44-9578-4F79-8BFC-60A598F4B133}.Ad-Hoc|iPhoneSimulator.Build.0 = Ad-Hoc|iPhoneSimulator
		{CFD79D44-9578-4F79-8BFC-60A598F4B133}.Ad-Hoc|iPhoneSimulator.Deploy.0 = Ad-Hoc|iPhoneSimulator
		{CFD79D44-9578-4F79-8BFC-60A598F4B133}.Ad-Hoc|x64.ActiveCfg = Ad-Hoc|iPhone
		{CFD79D44-9578-4F79-8BFC-60A598F4B133}.Ad-Hoc|x64.Build.0 = Ad-Hoc|iPhone
		{CFD79D44-9578-4F79-8BFC-60A598F4B133}.Ad-Hoc|x64.Deploy.0 = Ad-Hoc|iPhone
		{CFD79D44-9578-4F79-8BFC-60A598F4B133}.Ad-Hoc|x86.ActiveCfg = Ad-Hoc|iPhone
		{CFD79D44-9578-4F79-8BFC-60A598F4B133}.Ad-Hoc|x86.Build.0 = Ad-Hoc|iPhone
		{CFD79D44-9578-4F79-8BFC-60A598F4B133}.Ad-Hoc|x86.Deploy.0 = Ad-Hoc|iPhone
		{CFD79D44-9578-4F79-8BFC-60A598F4B133}.AppStore|Any CPU.ActiveCfg = AppStore|iPhone
		{CFD79D44-9578-4F79-8BFC-60A598F4B133}.AppStore|Any CPU.Build.0 = AppStore|iPhone
		{CFD79D44-9578-4F79-8BFC-60A598F4B133}.AppStore|Any CPU.Deploy.0 = AppStore|iPhone
		{CFD79D44-9578-4F79-8BFC-60A598F4B133}.AppStore|ARM.ActiveCfg = AppStore|iPhone
		{CFD79D44-9578-4F79-8BFC-60A598F4B133}.AppStore|ARM.Build.0 = AppStore|iPhone
		{CFD79D44-9578-4F79-8BFC-60A598F4B133}.AppStore|ARM.Deploy.0 = AppStore|iPhone
		{CFD79D44-9578-4F79-8BFC-60A598F4B133}.AppStore|iPhone.ActiveCfg = AppStore|iPhone
		{CFD79D44-9578-4F79-8BFC-60A598F4B133}.AppStore|iPhone.Build.0 = AppStore|iPhone
		{CFD79D44-9578-4F79-8BFC-60A598F4B133}.AppStore|iPhone.Deploy.0 = AppStore|iPhone
		{CFD79D44-9578-4F79-8BFC-60A598F4B133}.AppStore|iPhoneSimulator.ActiveCfg = AppStore|iPhoneSimulator
		{CFD79D44-9578-4F79-8BFC-60A598F4B133}.AppStore|iPhoneSimulator.Build.0 = AppStore|iPhoneSimulator
		{CFD79D44-9578-4F79-8BFC-60A598F4B133}.AppStore|iPhoneSimulator.Deploy.0 = AppStore|iPhoneSimulator
		{CFD79D44-9578-4F79-8BFC-60A598F4B133}.AppStore|x64.ActiveCfg = AppStore|iPhone
		{CFD79D44-9578-4F79-8BFC-60A598F4B133}.AppStore|x64.Build.0 = AppStore|iPhone
		{CFD79D44-9578-4F79-8BFC-60A598F4B133}.AppStore|x64.Deploy.0 = AppStore|iPhone
		{CFD79D44-9578-4F79-8BFC-60A598F4B133}.AppStore|x86.ActiveCfg = AppStore|iPhone
		{CFD79D44-9578-4F79-8BFC-60A598F4B133}.AppStore|x86.Build.0 = AppStore|iPhone
		{CFD79D44-9578-4F79-8BFC-60A598F4B133}.AppStore|x86.Deploy.0 = AppStore|iPhone
		{CFD79D44-9578-4F79-8BFC-60A598F4B133}.Debug|Any CPU.ActiveCfg = Debug|iPhoneSimulator
		{CFD79D44-9578-4F79-8BFC-60A598F4B133}.Debug|Any CPU.Build.0 = Debug|iPhoneSimulator
		{CFD79D44-9578-4F79-8BFC-60A598F4B133}.Debug|Any CPU.Deploy.0 = Debug|iPhoneSimulator
		{CFD79D44-9578-4F79-8BFC-60A598F4B133}.Debug|ARM.ActiveCfg = Debug|iPhone
		{CFD79D44-9578-4F79-8BFC-60A598F4B133}.Debug|ARM.Build.0 = Debug|iPhone
		{CFD79D44-9578-4F79-8BFC-60A598F4B133}.Debug|ARM.Deploy.0 = Debug|iPhone
		{CFD79D44-9578-4F79-8BFC-60A598F4B133}.Debug|iPhone.ActiveCfg = Debug|iPhone
		{CFD79D44-9578-4F79-8BFC-60A598F4B133}.Debug|iPhone.Build.0 = Debug|iPhone
		{CFD79D44-9578-4F79-8BFC-60A598F4B133}.Debug|iPhone.Deploy.0 = Debug|iPhone
		{CFD79D44-9578-4F79-8BFC-60A598F4B133}.Debug|iPhoneSimulator.ActiveCfg = Debug|iPhoneSimulator
		{CFD79D44-9578-4F79-8BFC-60A598F4B133}.Debug|iPhoneSimulator.Build.0 = Debug|iPhoneSimulator
		{CFD79D44-9578-4F79-8BFC-60A598F4B133}.Debug|iPhoneSimulator.Deploy.0 = Debug|iPhoneSimulator
		{CFD79D44-9578-4F79-8BFC-60A598F4B133}.Debug|x64.ActiveCfg = Debug|iPhone
		{CFD79D44-9578-4F79-8BFC-60A598F4B133}.Debug|x64.Build.0 = Debug|iPhone
		{CFD79D44-9578-4F79-8BFC-60A598F4B133}.Debug|x64.Deploy.0 = Debug|iPhone
		{CFD79D44-9578-4F79-8BFC-60A598F4B133}.Debug|x86.ActiveCfg = Debug|iPhone
		{CFD79D44-9578-4F79-8BFC-60A598F4B133}.Debug|x86.Build.0 = Debug|iPhone
		{CFD79D44-9578-4F79-8BFC-60A598F4B133}.Debug|x86.Deploy.0 = Debug|iPhone
		{CFD79D44-9578-4F79-8BFC-60A598F4B133}.Release|Any CPU.ActiveCfg = Release|iPhone
		{CFD79D44-9578-4F79-8BFC-60A598F4B133}.Release|Any CPU.Build.0 = Release|iPhone
		{CFD79D44-9578-4F79-8BFC-60A598F4B133}.Release|Any CPU.Deploy.0 = Release|iPhone
		{CFD79D44-9578-4F79-8BFC-60A598F4B133}.Release|ARM.ActiveCfg = Release|iPhone
		{CFD79D44-9578-4F79-8BFC-60A598F4B133}.Release|ARM.Build.0 = Release|iPhone
		{CFD79D44-9578-4F79-8BFC-60A598F4B133}.Release|ARM.Deploy.0 = Release|iPhone
		{CFD79D44-9578-4F79-8BFC-60A598F4B133}.Release|iPhone.ActiveCfg = Release|iPhone
		{CFD79D44-9578-4F79-8BFC-60A598F4B133}.Release|iPhone.Build.0 = Release|iPhone
		{CFD79D44-9578-4F79-8BFC-60A598F4B133}.Release|iPhone.Deploy.0 = Release|iPhone
		{CFD79D44-9578-4F79-8BFC-60A598F4B133}.Release|iPhoneSimulator.ActiveCfg = Release|iPhoneSimulator
		{CFD79D44-9578-4F79-8BFC-60A598F4B133}.Release|iPhoneSimulator.Build.0 = Release|iPhoneSimulator
		{CFD79D44-9578-4F79-8BFC-60A598F4B133}.Release|iPhoneSimulator.Deploy.0 = Release|iPhoneSimulator
		{CFD79D44-9578-4F79-8BFC-60A598F4B133}.Release|x64.ActiveCfg = Release|iPhone
		{CFD79D44-9578-4F79-8BFC-60A598F4B133}.Release|x64.Build.0 = Release|iPhone
		{CFD79D44-9578-4F79-8BFC-60A598F4B133}.Release|x64.Deploy.0 = Release|iPhone
		{CFD79D44-9578-4F79-8BFC-60A598F4B133}.Release|x86.ActiveCfg = Release|iPhone
		{CFD79D44-9578-4F79-8BFC-60A598F4B133}.Release|x86.Build.0 = Release|iPhone
		{CFD79D44-9578-4F79-8BFC-60A598F4B133}.Release|x86.Deploy.0 = Release|iPhone
		{48D8A12F-AB9A-48CA-827D-202C39C8F917}.Ad-Hoc|Any CPU.ActiveCfg = Release|x86
		{48D8A12F-AB9A-48CA-827D-202C39C8F917}.Ad-Hoc|Any CPU.Build.0 = Release|x86
		{48D8A12F-AB9A-48CA-827D-202C39C8F917}.Ad-Hoc|Any CPU.Deploy.0 = Release|x86
		{48D8A12F-AB9A-48CA-827D-202C39C8F917}.Ad-Hoc|ARM.ActiveCfg = Release|ARM
		{48D8A12F-AB9A-48CA-827D-202C39C8F917}.Ad-Hoc|ARM.Build.0 = Release|ARM
		{48D8A12F-AB9A-48CA-827D-202C39C8F917}.Ad-Hoc|ARM.Deploy.0 = Release|ARM
		{48D8A12F-AB9A-48CA-827D-202C39C8F917}.Ad-Hoc|iPhone.ActiveCfg = Release|x86
		{48D8A12F-AB9A-48CA-827D-202C39C8F917}.Ad-Hoc|iPhone.Build.0 = Release|x86
		{48D8A12F-AB9A-48CA-827D-202C39C8F917}.Ad-Hoc|iPhone.Deploy.0 = Release|x86
		{48D8A12F-AB9A-48CA-827D-202C39C8F917}.Ad-Hoc|iPhoneSimulator.ActiveCfg = Release|x86
		{48D8A12F-AB9A-48CA-827D-202C39C8F917}.Ad-Hoc|iPhoneSimulator.Build.0 = Release|x86
		{48D8A12F-AB9A-48CA-827D-202C39C8F917}.Ad-Hoc|iPhoneSimulator.Deploy.0 = Release|x86
		{48D8A12F-AB9A-48CA-827D-202C39C8F917}.Ad-Hoc|x64.ActiveCfg = Release|x64
		{48D8A12F-AB9A-48CA-827D-202C39C8F917}.Ad-Hoc|x64.Build.0 = Release|x64
		{48D8A12F-AB9A-48CA-827D-202C39C8F917}.Ad-Hoc|x64.Deploy.0 = Release|x64
		{48D8A12F-AB9A-48CA-827D-202C39C8F917}.Ad-Hoc|x86.ActiveCfg = Release|x86
		{48D8A12F-AB9A-48CA-827D-202C39C8F917}.Ad-Hoc|x86.Build.0 = Release|x86
		{48D8A12F-AB9A-48CA-827D-202C39C8F917}.Ad-Hoc|x86.Deploy.0 = Release|x86
		{48D8A12F-AB9A-48CA-827D-202C39C8F917}.AppStore|Any CPU.ActiveCfg = Release|x86
		{48D8A12F-AB9A-48CA-827D-202C39C8F917}.AppStore|Any CPU.Build.0 = Release|x86
		{48D8A12F-AB9A-48CA-827D-202C39C8F917}.AppStore|Any CPU.Deploy.0 = Release|x86
		{48D8A12F-AB9A-48CA-827D-202C39C8F917}.AppStore|ARM.ActiveCfg = Release|ARM
		{48D8A12F-AB9A-48CA-827D-202C39C8F917}.AppStore|ARM.Build.0 = Release|ARM
		{48D8A12F-AB9A-48CA-827D-202C39C8F917}.AppStore|ARM.Deploy.0 = Release|ARM
		{48D8A12F-AB9A-48CA-827D-202C39C8F917}.AppStore|iPhone.ActiveCfg = Release|x86
		{48D8A12F-AB9A-48CA-827D-202C39C8F917}.AppStore|iPhone.Build.0 = Release|x86
		{48D8A12F-AB9A-48CA-827D-202C39C8F917}.AppStore|iPhone.Deploy.0 = Release|x86
		{48D8A12F-AB9A-48CA-827D-202C39C8F917}.AppStore|iPhoneSimulator.ActiveCfg = Release|x86
		{48D8A12F-AB9A-48CA-827D-202C39C8F917}.AppStore|iPhoneSimulator.Build.0 = Release|x86
		{48D8A12F-AB9A-48CA-827D-202C39C8F917}.AppStore|iPhoneSimulator.Deploy.0 = Release|x86
		{48D8A12F-AB9A-48CA-827D-202C39C8F917}.AppStore|x64.ActiveCfg = Release|x64
		{48D8A12F-AB9A-48CA-827D-202C39C8F917}.AppStore|x64.Build.0 = Release|x64
		{48D8A12F-AB9A-48CA-827D-202C39C8F917}.AppStore|x64.Deploy.0 = Release|x64
		{48D8A12F-AB9A-48CA-827D-202C39C8F917}.AppStore|x86.ActiveCfg = Release|x86
		{48D8A12F-AB9A-48CA-827D-202C39C8F917}.AppStore|x86.Build.0 = Release|x86
		{48D8A12F-AB9A-48CA-827D-202C39C8F917}.AppStore|x86.Deploy.0 = Release|x86
		{48D8A12F-AB9A-48CA-827D-202C39C8F917}.Debug|Any CPU.ActiveCfg = Debug|x86
		{48D8A12F-AB9A-48CA-827D-202C39C8F917}.Debug|Any CPU.Build.0 = Debug|x86
		{48D8A12F-AB9A-48CA-827D-202C39C8F917}.Debug|Any CPU.Deploy.0 = Debug|x86
		{48D8A12F-AB9A-48CA-827D-202C39C8F917}.Debug|ARM.ActiveCfg = Debug|ARM
		{48D8A12F-AB9A-48CA-827D-202C39C8F917}.Debug|ARM.Build.0 = Debug|ARM
		{48D8A12F-AB9A-48CA-827D-202C39C8F917}.Debug|ARM.Deploy.0 = Debug|ARM
		{48D8A12F-AB9A-48CA-827D-202C39C8F917}.Debug|iPhone.ActiveCfg = Debug|x86
		{48D8A12F-AB9A-48CA-827D-202C39C8F917}.Debug|iPhone.Build.0 = Debug|x86
		{48D8A12F-AB9A-48CA-827D-202C39C8F917}.Debug|iPhone.Deploy.0 = Debug|x86
		{48D8A12F-AB9A-48CA-827D-202C39C8F917}.Debug|iPhoneSimulator.ActiveCfg = Debug|x86
		{48D8A12F-AB9A-48CA-827D-202C39C8F917}.Debug|iPhoneSimulator.Build.0 = Debug|x86
		{48D8A12F-AB9A-48CA-827D-202C39C8F917}.Debug|iPhoneSimulator.Deploy.0 = Debug|x86
		{48D8A12F-AB9A-48CA-827D-202C39C8F917}.Debug|x64.ActiveCfg = Debug|x64
		{48D8A12F-AB9A-48CA-827D-202C39C8F917}.Debug|x64.Build.0 = Debug|x64
		{48D8A12F-AB9A-48CA-827D-202C39C8F917}.Debug|x64.Deploy.0 = Debug|x64
		{48D8A12F-AB9A-48CA-827D-202C39C8F917}.Debug|x86.ActiveCfg = Debug|x86
		{48D8A12F-AB9A-48CA-827D-202C39C8F917}.Debug|x86.Build.0 = Debug|x86
		{48D8A12F-AB9A-48CA-827D-202C39C8F917}.Debug|x86.Deploy.0 = Debug|x86
		{48D8A12F-AB9A-48CA-827D-202C39C8F917}.Release|Any CPU.ActiveCfg = Release|x86
		{48D8A12F-AB9A-48CA-827D-202C39C8F917}.Release|Any CPU.Build.0 = Release|x86
		{48D8A12F-AB9A-48CA-827D-202C39C8F917}.Release|Any CPU.Deploy.0 = Release|x86
		{48D8A12F-AB9A-48CA-827D-202C39C8F917}.Release|ARM.ActiveCfg = Release|ARM
		{48D8A12F-AB9A-48CA-827D-202C39C8F917}.Release|ARM.Build.0 = Release|ARM
		{48D8A12F-AB9A-48CA-827D-202C39C8F917}.Release|ARM.Deploy.0 = Release|ARM
		{48D8A12F-AB9A-48CA-827D-202C39C8F917}.Release|iPhone.ActiveCfg = Release|x86
		{48D8A12F-AB9A-48CA-827D-202C39C8F917}.Release|iPhone.Build.0 = Release|x86
		{48D8A12F-AB9A-48CA-827D-202C39C8F917}.Release|iPhone.Deploy.0 = Release|x86
		{48D8A12F-AB9A-48CA-827D-202C39C8F917}.Release|iPhoneSimulator.ActiveCfg = Release|x86
		{48D8A12F-AB9A-48CA-827D-202C39C8F917}.Release|iPhoneSimulator.Build.0 = Release|x86
		{48D8A12F-AB9A-48CA-827D-202C39C8F917}.Release|iPhoneSimulator.Deploy.0 = Release|x86
		{48D8A12F-AB9A-48CA-827D-202C39C8F917}.Release|x64.ActiveCfg = Release|x64
		{48D8A12F-AB9A-48CA-827D-202C39C8F917}.Release|x64.Build.0 = Release|x64
		{48D8A12F-AB9A-48CA-827D-202C39C8F917}.Release|x64.Deploy.0 = Release|x64
		{48D8A12F-AB9A-48CA-827D-202C39C8F917}.Release|x86.ActiveCfg = Release|x86
		{48D8A12F-AB9A-48CA-827D-202C39C8F917}.Release|x86.Build.0 = Release|x86
		{48D8A12F-AB9A-48CA-827D-202C39C8F917}.Release|x86.Deploy.0 = Release|x86
		{42509DC4-593D-4CFB-AB8D-DD6D685D6C7F}.Ad-Hoc|Any CPU.ActiveCfg = Debug|Any CPU
		{42509DC4-593D-4CFB-AB8D-DD6D685D6C7F}.Ad-Hoc|Any CPU.Build.0 = Debug|Any CPU
		{42509DC4-593D-4CFB-AB8D-DD6D685D6C7F}.Ad-Hoc|Any CPU.Deploy.0 = Debug|Any CPU
		{42509DC4-593D-4CFB-AB8D-DD6D685D6C7F}.Ad-Hoc|ARM.ActiveCfg = Debug|Any CPU
		{42509DC4-593D-4CFB-AB8D-DD6D685D6C7F}.Ad-Hoc|ARM.Build.0 = Debug|Any CPU
		{42509DC4-593D-4CFB-AB8D-DD6D685D6C7F}.Ad-Hoc|ARM.Deploy.0 = Debug|Any CPU
		{42509DC4-593D-4CFB-AB8D-DD6D685D6C7F}.Ad-Hoc|iPhone.ActiveCfg = Debug|Any CPU
		{42509DC4-593D-4CFB-AB8D-DD6D685D6C7F}.Ad-Hoc|iPhone.Build.0 = Debug|Any CPU
		{42509DC4-593D-4CFB-AB8D-DD6D685D6C7F}.Ad-Hoc|iPhone.Deploy.0 = Debug|Any CPU
		{42509DC4-593D-4CFB-AB8D-DD6D685D6C7F}.Ad-Hoc|iPhoneSimulator.ActiveCfg = Debug|Any CPU
		{42509DC4-593D-4CFB-AB8D-DD6D685D6C7F}.Ad-Hoc|iPhoneSimulator.Build.0 = Debug|Any CPU
		{42509DC4-593D-4CFB-AB8D-DD6D685D6C7F}.Ad-Hoc|iPhoneSimulator.Deploy.0 = Debug|Any CPU
		{42509DC4-593D-4CFB-AB8D-DD6D685D6C7F}.Ad-Hoc|x64.ActiveCfg = Debug|Any CPU
		{42509DC4-593D-4CFB-AB8D-DD6D685D6C7F}.Ad-Hoc|x64.Build.0 = Debug|Any CPU
		{42509DC4-593D-4CFB-AB8D-DD6D685D6C7F}.Ad-Hoc|x64.Deploy.0 = Debug|Any CPU
		{42509DC4-593D-4CFB-AB8D-DD6D685D6C7F}.Ad-Hoc|x86.ActiveCfg = Debug|Any CPU
		{42509DC4-593D-4CFB-AB8D-DD6D685D6C7F}.Ad-Hoc|x86.Build.0 = Debug|Any CPU
		{42509DC4-593D-4CFB-AB8D-DD6D685D6C7F}.Ad-Hoc|x86.Deploy.0 = Debug|Any CPU
		{42509DC4-593D-4CFB-AB8D-DD6D685D6C7F}.AppStore|Any CPU.ActiveCfg = Debug|Any CPU
		{42509DC4-593D-4CFB-AB8D-DD6D685D6C7F}.AppStore|Any CPU.Build.0 = Debug|Any CPU
		{42509DC4-593D-4CFB-AB8D-DD6D685D6C7F}.AppStore|Any CPU.Deploy.0 = Debug|Any CPU
		{42509DC4-593D-4CFB-AB8D-DD6D685D6C7F}.AppStore|ARM.ActiveCfg = Debug|Any CPU
		{42509DC4-593D-4CFB-AB8D-DD6D685D6C7F}.AppStore|ARM.Build.0 = Debug|Any CPU
		{42509DC4-593D-4CFB-AB8D-DD6D685D6C7F}.AppStore|ARM.Deploy.0 = Debug|Any CPU
		{42509DC4-593D-4CFB-AB8D-DD6D685D6C7F}.AppStore|iPhone.ActiveCfg = Debug|Any CPU
		{42509DC4-593D-4CFB-AB8D-DD6D685D6C7F}.AppStore|iPhone.Build.0 = Debug|Any CPU
		{42509DC4-593D-4CFB-AB8D-DD6D685D6C7F}.AppStore|iPhone.Deploy.0 = Debug|Any CPU
		{42509DC4-593D-4CFB-AB8D-DD6D685D6C7F}.AppStore|iPhoneSimulator.ActiveCfg = Debug|Any CPU
		{42509DC4-593D-4CFB-AB8D-DD6D685D6C7F}.AppStore|iPhoneSimulator.Build.0 = Debug|Any CPU
		{42509DC4-593D-4CFB-AB8D-DD6D685D6C7F}.AppStore|iPhoneSimulator.Deploy.0 = Debug|Any CPU
		{42509DC4-593D-4CFB-AB8D-DD6D685D6C7F}.AppStore|x64.ActiveCfg = Debug|Any CPU
		{42509DC4-593D-4CFB-AB8D-DD6D685D6C7F}.AppStore|x64.Build.0 = Debug|Any CPU
		{42509DC4-593D-4CFB-AB8D-DD6D685D6C7F}.AppStore|x64.Deploy.0 = Debug|Any CPU
		{42509DC4-593D-4CFB-AB8D-DD6D685D6C7F}.AppStore|x86.ActiveCfg = Debug|Any CPU
		{42509DC4-593D-4CFB-AB8D-DD6D685D6C7F}.AppStore|x86.Build.0 = Debug|Any CPU
		{42509DC4-593D-4CFB-AB8D-DD6D685D6C7F}.AppStore|x86.Deploy.0 = Debug|Any CPU
		{42509DC4-593D-4CFB-AB8D-DD6D685D6C7F}.Debug|Any CPU.ActiveCfg = Debug|Any CPU
		{42509DC4-593D-4CFB-AB8D-DD6D685D6C7F}.Debug|Any CPU.Build.0 = Debug|Any CPU
		{42509DC4-593D-4CFB-AB8D-DD6D685D6C7F}.Debug|Any CPU.Deploy.0 = Debug|Any CPU
		{42509DC4-593D-4CFB-AB8D-DD6D685D6C7F}.Debug|ARM.ActiveCfg = Debug|Any CPU
		{42509DC4-593D-4CFB-AB8D-DD6D685D6C7F}.Debug|ARM.Build.0 = Debug|Any CPU
		{42509DC4-593D-4CFB-AB8D-DD6D685D6C7F}.Debug|ARM.Deploy.0 = Debug|Any CPU
		{42509DC4-593D-4CFB-AB8D-DD6D685D6C7F}.Debug|iPhone.ActiveCfg = Debug|Any CPU
		{42509DC4-593D-4CFB-AB8D-DD6D685D6C7F}.Debug|iPhone.Build.0 = Debug|Any CPU
		{42509DC4-593D-4CFB-AB8D-DD6D685D6C7F}.Debug|iPhone.Deploy.0 = Debug|Any CPU
		{42509DC4-593D-4CFB-AB8D-DD6D685D6C7F}.Debug|iPhoneSimulator.ActiveCfg = Debug|Any CPU
		{42509DC4-593D-4CFB-AB8D-DD6D685D6C7F}.Debug|iPhoneSimulator.Build.0 = Debug|Any CPU
		{42509DC4-593D-4CFB-AB8D-DD6D685D6C7F}.Debug|iPhoneSimulator.Deploy.0 = Debug|Any CPU
		{42509DC4-593D-4CFB-AB8D-DD6D685D6C7F}.Debug|x64.ActiveCfg = Debug|Any CPU
		{42509DC4-593D-4CFB-AB8D-DD6D685D6C7F}.Debug|x64.Build.0 = Debug|Any CPU
		{42509DC4-593D-4CFB-AB8D-DD6D685D6C7F}.Debug|x64.Deploy.0 = Debug|Any CPU
		{42509DC4-593D-4CFB-AB8D-DD6D685D6C7F}.Debug|x86.ActiveCfg = Debug|Any CPU
		{42509DC4-593D-4CFB-AB8D-DD6D685D6C7F}.Debug|x86.Build.0 = Debug|Any CPU
		{42509DC4-593D-4CFB-AB8D-DD6D685D6C7F}.Debug|x86.Deploy.0 = Debug|Any CPU
		{42509DC4-593D-4CFB-AB8D-DD6D685D6C7F}.Release|Any CPU.ActiveCfg = Release|Any CPU
		{42509DC4-593D-4CFB-AB8D-DD6D685D6C7F}.Release|Any CPU.Build.0 = Release|Any CPU
		{42509DC4-593D-4CFB-AB8D-DD6D685D6C7F}.Release|Any CPU.Deploy.0 = Release|Any CPU
		{42509DC4-593D-4CFB-AB8D-DD6D685D6C7F}.Release|ARM.ActiveCfg = Release|Any CPU
		{42509DC4-593D-4CFB-AB8D-DD6D685D6C7F}.Release|ARM.Build.0 = Release|Any CPU
		{42509DC4-593D-4CFB-AB8D-DD6D685D6C7F}.Release|ARM.Deploy.0 = Release|Any CPU
		{42509DC4-593D-4CFB-AB8D-DD6D685D6C7F}.Release|iPhone.ActiveCfg = Release|Any CPU
		{42509DC4-593D-4CFB-AB8D-DD6D685D6C7F}.Release|iPhone.Build.0 = Release|Any CPU
		{42509DC4-593D-4CFB-AB8D-DD6D685D6C7F}.Release|iPhone.Deploy.0 = Release|Any CPU
		{42509DC4-593D-4CFB-AB8D-DD6D685D6C7F}.Release|iPhoneSimulator.ActiveCfg = Release|Any CPU
		{42509DC4-593D-4CFB-AB8D-DD6D685D6C7F}.Release|iPhoneSimulator.Build.0 = Release|Any CPU
		{42509DC4-593D-4CFB-AB8D-DD6D685D6C7F}.Release|iPhoneSimulator.Deploy.0 = Release|Any CPU
		{42509DC4-593D-4CFB-AB8D-DD6D685D6C7F}.Release|x64.ActiveCfg = Release|Any CPU
		{42509DC4-593D-4CFB-AB8D-DD6D685D6C7F}.Release|x64.Build.0 = Release|Any CPU
		{42509DC4-593D-4CFB-AB8D-DD6D685D6C7F}.Release|x64.Deploy.0 = Release|Any CPU
		{42509DC4-593D-4CFB-AB8D-DD6D685D6C7F}.Release|x86.ActiveCfg = Release|Any CPU
		{42509DC4-593D-4CFB-AB8D-DD6D685D6C7F}.Release|x86.Build.0 = Release|Any CPU
		{42509DC4-593D-4CFB-AB8D-DD6D685D6C7F}.Release|x86.Deploy.0 = Release|Any CPU
	EndGlobalSection
	GlobalSection(SolutionProperties) = preSolution
		HideSolutionNode = FALSE
	EndGlobalSection
	GlobalSection(ExtensibilityGlobals) = postSolution
		SolutionGuid = {9455EE8E-D38A-4060-822B-9A36142139C0}
	EndGlobalSection
EndGlobal
